// !$*UTF8*$!
{
	archiveVersion = 1;
	classes = {
	};
	objectVersion = 56;
	objects = {

/* Begin PBXBuildFile section */
		5B5F931D29DF5C6200E1E390 /* CoreDataManager.swift in Sources */ = {isa = PBXBuildFile; fileRef = 5B5F931C29DF5C6200E1E390 /* CoreDataManager.swift */; };
		5B5F932129DF647300E1E390 /* ScoreMaster.xcdatamodeld in Sources */ = {isa = PBXBuildFile; fileRef = 5B5F931F29DF647300E1E390 /* ScoreMaster.xcdatamodeld */; };
		5B7A360E29D51F6600FF1BAF /* AppDelegate.swift in Sources */ = {isa = PBXBuildFile; fileRef = 5B7A360D29D51F6600FF1BAF /* AppDelegate.swift */; };
		5B7A361029D51F6600FF1BAF /* SceneDelegate.swift in Sources */ = {isa = PBXBuildFile; fileRef = 5B7A360F29D51F6600FF1BAF /* SceneDelegate.swift */; };
		5B7A361229D51F6600FF1BAF /* MainTabBarController.swift in Sources */ = {isa = PBXBuildFile; fileRef = 5B7A361129D51F6600FF1BAF /* MainTabBarController.swift */; };
		5B7A361729D51F6700FF1BAF /* Assets.xcassets in Resources */ = {isa = PBXBuildFile; fileRef = 5B7A361629D51F6700FF1BAF /* Assets.xcassets */; };
		5B7A362629D5CAD400FF1BAF /* OverviewVC.swift in Sources */ = {isa = PBXBuildFile; fileRef = 5B7A362529D5CAD400FF1BAF /* OverviewVC.swift */; };
		5B7A362A29D5CB3200FF1BAF /* PlayersVC.swift in Sources */ = {isa = PBXBuildFile; fileRef = 5B7A362929D5CB3200FF1BAF /* PlayersVC.swift */; };
		5B7A362C29D5CB3D00FF1BAF /* GamesVC.swift in Sources */ = {isa = PBXBuildFile; fileRef = 5B7A362B29D5CB3D00FF1BAF /* GamesVC.swift */; };
		5B7A362E29D5CB4700FF1BAF /* StatsVC.swift in Sources */ = {isa = PBXBuildFile; fileRef = 5B7A362D29D5CB4700FF1BAF /* StatsVC.swift */; };
		5B7A363129D649B900FF1BAF /* PlayerCell.swift in Sources */ = {isa = PBXBuildFile; fileRef = 5B7A363029D649B900FF1BAF /* PlayerCell.swift */; };
		5B7A363829D72E7E00FF1BAF /* Game.swift in Sources */ = {isa = PBXBuildFile; fileRef = 5B7A363729D72E7E00FF1BAF /* Game.swift */; };
		5B7A363A29D72EA500FF1BAF /* Games.json in Resources */ = {isa = PBXBuildFile; fileRef = 5B7A363929D72EA500FF1BAF /* Games.json */; };
		5B7A363C29D7304900FF1BAF /* GameCell.swift in Sources */ = {isa = PBXBuildFile; fileRef = 5B7A363B29D7304900FF1BAF /* GameCell.swift */; };
		5B7A363E29DDCFDA00FF1BAF /* LeaguesVC.swift in Sources */ = {isa = PBXBuildFile; fileRef = 5B7A363D29DDCFDA00FF1BAF /* LeaguesVC.swift */; };
		5B7A364229DDF1C300FF1BAF /* AddPlayerVC.swift in Sources */ = {isa = PBXBuildFile; fileRef = 5B7A364129DDF1C300FF1BAF /* AddPlayerVC.swift */; };
		5B7A364429DDF66900FF1BAF /* SMButton.swift in Sources */ = {isa = PBXBuildFile; fileRef = 5B7A364329DDF66900FF1BAF /* SMButton.swift */; };
		5B7A364629DDF76D00FF1BAF /* SMTextField.swift in Sources */ = {isa = PBXBuildFile; fileRef = 5B7A364529DDF76D00FF1BAF /* SMTextField.swift */; };
		5B7A364829DE1F3300FF1BAF /* LeagueDetailsVC.swift in Sources */ = {isa = PBXBuildFile; fileRef = 5B7A364729DE1F3300FF1BAF /* LeagueDetailsVC.swift */; };
		5B7A365329DE792700FF1BAF /* Players.json in Resources */ = {isa = PBXBuildFile; fileRef = 5B7A365229DE792700FF1BAF /* Players.json */; };
		5B7A365529DE797900FF1BAF /* Leagues.json in Resources */ = {isa = PBXBuildFile; fileRef = 5B7A365429DE797900FF1BAF /* Leagues.json */; };
		5B81A7B729E4630F000BBAE4 /* AddLeagueVC.swift in Sources */ = {isa = PBXBuildFile; fileRef = 5B81A7B629E4630F000BBAE4 /* AddLeagueVC.swift */; };
		5B81A7B929E4A542000BBAE4 /* AddNewPlayerToLeagueVC.swift in Sources */ = {isa = PBXBuildFile; fileRef = 5B81A7B829E4A542000BBAE4 /* AddNewPlayerToLeagueVC.swift */; };
/* End PBXBuildFile section */

/* Begin PBXFileReference section */
		5B5F931C29DF5C6200E1E390 /* CoreDataManager.swift */ = {isa = PBXFileReference; lastKnownFileType = sourcecode.swift; path = CoreDataManager.swift; sourceTree = "<group>"; };
		5B5F932029DF647300E1E390 /* ScoreMaster.xcdatamodel */ = {isa = PBXFileReference; lastKnownFileType = wrapper.xcdatamodel; path = ScoreMaster.xcdatamodel; sourceTree = "<group>"; };
		5B7A360A29D51F6600FF1BAF /* ScoreMaster.app */ = {isa = PBXFileReference; explicitFileType = wrapper.application; includeInIndex = 0; path = ScoreMaster.app; sourceTree = BUILT_PRODUCTS_DIR; };
		5B7A360D29D51F6600FF1BAF /* AppDelegate.swift */ = {isa = PBXFileReference; lastKnownFileType = sourcecode.swift; path = AppDelegate.swift; sourceTree = "<group>"; };
		5B7A360F29D51F6600FF1BAF /* SceneDelegate.swift */ = {isa = PBXFileReference; lastKnownFileType = sourcecode.swift; path = SceneDelegate.swift; sourceTree = "<group>"; };
		5B7A361129D51F6600FF1BAF /* MainTabBarController.swift */ = {isa = PBXFileReference; lastKnownFileType = sourcecode.swift; path = MainTabBarController.swift; sourceTree = "<group>"; };
		5B7A361629D51F6700FF1BAF /* Assets.xcassets */ = {isa = PBXFileReference; lastKnownFileType = folder.assetcatalog; path = Assets.xcassets; sourceTree = "<group>"; };
		5B7A361B29D51F6700FF1BAF /* Info.plist */ = {isa = PBXFileReference; lastKnownFileType = text.plist.xml; path = Info.plist; sourceTree = "<group>"; };
		5B7A362529D5CAD400FF1BAF /* OverviewVC.swift */ = {isa = PBXFileReference; lastKnownFileType = sourcecode.swift; path = OverviewVC.swift; sourceTree = "<group>"; };
		5B7A362929D5CB3200FF1BAF /* PlayersVC.swift */ = {isa = PBXFileReference; lastKnownFileType = sourcecode.swift; path = PlayersVC.swift; sourceTree = "<group>"; };
		5B7A362B29D5CB3D00FF1BAF /* GamesVC.swift */ = {isa = PBXFileReference; lastKnownFileType = sourcecode.swift; path = GamesVC.swift; sourceTree = "<group>"; };
		5B7A362D29D5CB4700FF1BAF /* StatsVC.swift */ = {isa = PBXFileReference; lastKnownFileType = sourcecode.swift; path = StatsVC.swift; sourceTree = "<group>"; };
		5B7A363029D649B900FF1BAF /* PlayerCell.swift */ = {isa = PBXFileReference; lastKnownFileType = sourcecode.swift; path = PlayerCell.swift; sourceTree = "<group>"; };
		5B7A363729D72E7E00FF1BAF /* Game.swift */ = {isa = PBXFileReference; lastKnownFileType = sourcecode.swift; path = Game.swift; sourceTree = "<group>"; };
		5B7A363929D72EA500FF1BAF /* Games.json */ = {isa = PBXFileReference; lastKnownFileType = text.json; path = Games.json; sourceTree = "<group>"; };
		5B7A363B29D7304900FF1BAF /* GameCell.swift */ = {isa = PBXFileReference; lastKnownFileType = sourcecode.swift; path = GameCell.swift; sourceTree = "<group>"; };
		5B7A363D29DDCFDA00FF1BAF /* LeaguesVC.swift */ = {isa = PBXFileReference; lastKnownFileType = sourcecode.swift; path = LeaguesVC.swift; sourceTree = "<group>"; };
		5B7A364129DDF1C300FF1BAF /* AddPlayerVC.swift */ = {isa = PBXFileReference; lastKnownFileType = sourcecode.swift; path = AddPlayerVC.swift; sourceTree = "<group>"; };
		5B7A364329DDF66900FF1BAF /* SMButton.swift */ = {isa = PBXFileReference; lastKnownFileType = sourcecode.swift; path = SMButton.swift; sourceTree = "<group>"; };
		5B7A364529DDF76D00FF1BAF /* SMTextField.swift */ = {isa = PBXFileReference; lastKnownFileType = sourcecode.swift; path = SMTextField.swift; sourceTree = "<group>"; };
		5B7A364729DE1F3300FF1BAF /* LeagueDetailsVC.swift */ = {isa = PBXFileReference; lastKnownFileType = sourcecode.swift; path = LeagueDetailsVC.swift; sourceTree = "<group>"; };
		5B7A365229DE792700FF1BAF /* Players.json */ = {isa = PBXFileReference; lastKnownFileType = text.json; path = Players.json; sourceTree = "<group>"; };
		5B7A365429DE797900FF1BAF /* Leagues.json */ = {isa = PBXFileReference; lastKnownFileType = text.json; path = Leagues.json; sourceTree = "<group>"; };
		5B81A7B629E4630F000BBAE4 /* AddLeagueVC.swift */ = {isa = PBXFileReference; lastKnownFileType = sourcecode.swift; path = AddLeagueVC.swift; sourceTree = "<group>"; };
		5B81A7B829E4A542000BBAE4 /* AddNewPlayerToLeagueVC.swift */ = {isa = PBXFileReference; lastKnownFileType = sourcecode.swift; path = AddNewPlayerToLeagueVC.swift; sourceTree = "<group>"; };
/* End PBXFileReference section */

/* Begin PBXFrameworksBuildPhase section */
		5B7A360729D51F6600FF1BAF /* Frameworks */ = {
			isa = PBXFrameworksBuildPhase;
			buildActionMask = 2147483647;
			files = (
			);
			runOnlyForDeploymentPostprocessing = 0;
		};
/* End PBXFrameworksBuildPhase section */

/* Begin PBXGroup section */
		5B5F931E29DF645F00E1E390 /* CoreData */ = {
			isa = PBXGroup;
			children = (
				5B5F931F29DF647300E1E390 /* ScoreMaster.xcdatamodeld */,
			);
			path = CoreData;
			sourceTree = "<group>";
		};
		5B7A360129D51F6500FF1BAF = {
			isa = PBXGroup;
			children = (
				5B7A360C29D51F6600FF1BAF /* ScoreMaster */,
				5B7A360B29D51F6600FF1BAF /* Products */,
			);
			sourceTree = "<group>";
		};
		5B7A360B29D51F6600FF1BAF /* Products */ = {
			isa = PBXGroup;
			children = (
				5B7A360A29D51F6600FF1BAF /* ScoreMaster.app */,
			);
			name = Products;
			sourceTree = "<group>";
		};
		5B7A360C29D51F6600FF1BAF /* ScoreMaster */ = {
			isa = PBXGroup;
			children = (
				5B5F931E29DF645F00E1E390 /* CoreData */,
				5B7A364929DE518200FF1BAF /* Managers */,
				5B7A362F29D6498400FF1BAF /* View */,
				5B7A362229D51F8800FF1BAF /* Model */,
				5B7A362329D51F8F00FF1BAF /* Controller */,
				5B7A362129D51F7000FF1BAF /* Support */,
			);
			path = ScoreMaster;
			sourceTree = "<group>";
		};
		5B7A362129D51F7000FF1BAF /* Support */ = {
			isa = PBXGroup;
			children = (
				5B7A360D29D51F6600FF1BAF /* AppDelegate.swift */,
				5B7A360F29D51F6600FF1BAF /* SceneDelegate.swift */,
				5B7A361B29D51F6700FF1BAF /* Info.plist */,
				5B7A361629D51F6700FF1BAF /* Assets.xcassets */,
			);
			path = Support;
			sourceTree = "<group>";
		};
		5B7A362229D51F8800FF1BAF /* Model */ = {
			isa = PBXGroup;
			children = (
				5B7A363729D72E7E00FF1BAF /* Game.swift */,
				5B7A363429D728A600FF1BAF /* Data */,
			);
			path = Model;
			sourceTree = "<group>";
		};
		5B7A362329D51F8F00FF1BAF /* Controller */ = {
			isa = PBXGroup;
			children = (
				5B7A361129D51F6600FF1BAF /* MainTabBarController.swift */,
				5B7A362429D5C99B00FF1BAF /* Core */,
			);
			path = Controller;
			sourceTree = "<group>";
		};
		5B7A362429D5C99B00FF1BAF /* Core */ = {
			isa = PBXGroup;
			children = (
				5B7A362529D5CAD400FF1BAF /* OverviewVC.swift */,
				5B81A7BA29E50D6A000BBAE4 /* Players */,
				5B81A7BC29E50D9F000BBAE4 /* Games */,
				5B81A7BD29E50DA7000BBAE4 /* Stats */,
				5B81A7BB29E50D88000BBAE4 /* Leagues */,
			);
			path = Core;
			sourceTree = "<group>";
		};
		5B7A362F29D6498400FF1BAF /* View */ = {
			isa = PBXGroup;
			children = (
				5B7A363029D649B900FF1BAF /* PlayerCell.swift */,
				5B7A363B29D7304900FF1BAF /* GameCell.swift */,
				5B7A364329DDF66900FF1BAF /* SMButton.swift */,
				5B7A364529DDF76D00FF1BAF /* SMTextField.swift */,
			);
			path = View;
			sourceTree = "<group>";
		};
		5B7A363429D728A600FF1BAF /* Data */ = {
			isa = PBXGroup;
			children = (
				5B7A363929D72EA500FF1BAF /* Games.json */,
				5B7A365229DE792700FF1BAF /* Players.json */,
				5B7A365429DE797900FF1BAF /* Leagues.json */,
			);
			path = Data;
			sourceTree = "<group>";
		};
		5B7A364929DE518200FF1BAF /* Managers */ = {
			isa = PBXGroup;
			children = (
				5B5F931C29DF5C6200E1E390 /* CoreDataManager.swift */,
			);
			path = Managers;
			sourceTree = "<group>";
		};
		5B81A7BA29E50D6A000BBAE4 /* Players */ = {
			isa = PBXGroup;
			children = (
				5B7A362929D5CB3200FF1BAF /* PlayersVC.swift */,
				5B7A364129DDF1C300FF1BAF /* AddPlayerVC.swift */,
			);
			path = Players;
			sourceTree = "<group>";
		};
		5B81A7BB29E50D88000BBAE4 /* Leagues */ = {
			isa = PBXGroup;
			children = (
				5B7A363D29DDCFDA00FF1BAF /* LeaguesVC.swift */,
				5B7A364729DE1F3300FF1BAF /* LeagueDetailsVC.swift */,
				5B81A7B629E4630F000BBAE4 /* AddLeagueVC.swift */,
				5B81A7B829E4A542000BBAE4 /* AddNewPlayerToLeagueVC.swift */,
			);
			path = Leagues;
			sourceTree = "<group>";
		};
		5B81A7BC29E50D9F000BBAE4 /* Games */ = {
			isa = PBXGroup;
			children = (
				5B7A362B29D5CB3D00FF1BAF /* GamesVC.swift */,
			);
			path = Games;
			sourceTree = "<group>";
		};
		5B81A7BD29E50DA7000BBAE4 /* Stats */ = {
			isa = PBXGroup;
			children = (
				5B7A362D29D5CB4700FF1BAF /* StatsVC.swift */,
			);
			path = Stats;
			sourceTree = "<group>";
		};
/* End PBXGroup section */

/* Begin PBXNativeTarget section */
		5B7A360929D51F6600FF1BAF /* ScoreMaster */ = {
			isa = PBXNativeTarget;
			buildConfigurationList = 5B7A361E29D51F6700FF1BAF /* Build configuration list for PBXNativeTarget "ScoreMaster" */;
			buildPhases = (
				5B7A360629D51F6600FF1BAF /* Sources */,
				5B7A360729D51F6600FF1BAF /* Frameworks */,
				5B7A360829D51F6600FF1BAF /* Resources */,
			);
			buildRules = (
			);
			dependencies = (
			);
			name = ScoreMaster;
			productName = ScoreMaster;
			productReference = 5B7A360A29D51F6600FF1BAF /* ScoreMaster.app */;
			productType = "com.apple.product-type.application";
		};
/* End PBXNativeTarget section */

/* Begin PBXProject section */
		5B7A360229D51F6500FF1BAF /* Project object */ = {
			isa = PBXProject;
			attributes = {
				BuildIndependentTargetsInParallel = 1;
				LastSwiftUpdateCheck = 1420;
				LastUpgradeCheck = 1420;
				TargetAttributes = {
					5B7A360929D51F6600FF1BAF = {
						CreatedOnToolsVersion = 14.2;
					};
				};
			};
			buildConfigurationList = 5B7A360529D51F6500FF1BAF /* Build configuration list for PBXProject "ScoreMaster" */;
			compatibilityVersion = "Xcode 14.0";
			developmentRegion = en;
			hasScannedForEncodings = 0;
			knownRegions = (
				en,
				Base,
			);
			mainGroup = 5B7A360129D51F6500FF1BAF;
			productRefGroup = 5B7A360B29D51F6600FF1BAF /* Products */;
			projectDirPath = "";
			projectRoot = "";
			targets = (
				5B7A360929D51F6600FF1BAF /* ScoreMaster */,
			);
		};
/* End PBXProject section */

/* Begin PBXResourcesBuildPhase section */
		5B7A360829D51F6600FF1BAF /* Resources */ = {
			isa = PBXResourcesBuildPhase;
			buildActionMask = 2147483647;
			files = (
				5B7A361729D51F6700FF1BAF /* Assets.xcassets in Resources */,
				5B7A363A29D72EA500FF1BAF /* Games.json in Resources */,
				5B7A365529DE797900FF1BAF /* Leagues.json in Resources */,
				5B7A365329DE792700FF1BAF /* Players.json in Resources */,
			);
			runOnlyForDeploymentPostprocessing = 0;
		};
/* End PBXResourcesBuildPhase section */

/* Begin PBXSourcesBuildPhase section */
		5B7A360629D51F6600FF1BAF /* Sources */ = {
			isa = PBXSourcesBuildPhase;
			buildActionMask = 2147483647;
			files = (
				5B7A363129D649B900FF1BAF /* PlayerCell.swift in Sources */,
				5B7A363E29DDCFDA00FF1BAF /* LeaguesVC.swift in Sources */,
				5B7A364829DE1F3300FF1BAF /* LeagueDetailsVC.swift in Sources */,
				5B7A363829D72E7E00FF1BAF /* Game.swift in Sources */,
				5B7A361229D51F6600FF1BAF /* MainTabBarController.swift in Sources */,
				5B7A363C29D7304900FF1BAF /* GameCell.swift in Sources */,
				5B7A364629DDF76D00FF1BAF /* SMTextField.swift in Sources */,
				5B7A362A29D5CB3200FF1BAF /* PlayersVC.swift in Sources */,
				5B7A364229DDF1C300FF1BAF /* AddPlayerVC.swift in Sources */,
				5B81A7B729E4630F000BBAE4 /* AddLeagueVC.swift in Sources */,
				5B81A7B929E4A542000BBAE4 /* AddNewPlayerToLeagueVC.swift in Sources */,
				5B7A360E29D51F6600FF1BAF /* AppDelegate.swift in Sources */,
				5B5F932129DF647300E1E390 /* ScoreMaster.xcdatamodeld in Sources */,
				5B7A361029D51F6600FF1BAF /* SceneDelegate.swift in Sources */,
				5B7A362C29D5CB3D00FF1BAF /* GamesVC.swift in Sources */,
				5B7A362E29D5CB4700FF1BAF /* StatsVC.swift in Sources */,
				5B7A362629D5CAD400FF1BAF /* OverviewVC.swift in Sources */,
				5B5F931D29DF5C6200E1E390 /* CoreDataManager.swift in Sources */,
				5B7A364429DDF66900FF1BAF /* SMButton.swift in Sources */,
			);
			runOnlyForDeploymentPostprocessing = 0;
		};
/* End PBXSourcesBuildPhase section */

/* Begin XCBuildConfiguration section */
		5B7A361C29D51F6700FF1BAF /* Debug */ = {
			isa = XCBuildConfiguration;
			buildSettings = {
				ALWAYS_SEARCH_USER_PATHS = NO;
				CLANG_ANALYZER_NONNULL = YES;
				CLANG_ANALYZER_NUMBER_OBJECT_CONVERSION = YES_AGGRESSIVE;
				CLANG_CXX_LANGUAGE_STANDARD = "gnu++20";
				CLANG_ENABLE_MODULES = YES;
				CLANG_ENABLE_OBJC_ARC = YES;
				CLANG_ENABLE_OBJC_WEAK = YES;
				CLANG_WARN_BLOCK_CAPTURE_AUTORELEASING = YES;
				CLANG_WARN_BOOL_CONVERSION = YES;
				CLANG_WARN_COMMA = YES;
				CLANG_WARN_CONSTANT_CONVERSION = YES;
				CLANG_WARN_DEPRECATED_OBJC_IMPLEMENTATIONS = YES;
				CLANG_WARN_DIRECT_OBJC_ISA_USAGE = YES_ERROR;
				CLANG_WARN_DOCUMENTATION_COMMENTS = YES;
				CLANG_WARN_EMPTY_BODY = YES;
				CLANG_WARN_ENUM_CONVERSION = YES;
				CLANG_WARN_INFINITE_RECURSION = YES;
				CLANG_WARN_INT_CONVERSION = YES;
				CLANG_WARN_NON_LITERAL_NULL_CONVERSION = YES;
				CLANG_WARN_OBJC_IMPLICIT_RETAIN_SELF = YES;
				CLANG_WARN_OBJC_LITERAL_CONVERSION = YES;
				CLANG_WARN_OBJC_ROOT_CLASS = YES_ERROR;
				CLANG_WARN_QUOTED_INCLUDE_IN_FRAMEWORK_HEADER = YES;
				CLANG_WARN_RANGE_LOOP_ANALYSIS = YES;
				CLANG_WARN_STRICT_PROTOTYPES = YES;
				CLANG_WARN_SUSPICIOUS_MOVE = YES;
				CLANG_WARN_UNGUARDED_AVAILABILITY = YES_AGGRESSIVE;
				CLANG_WARN_UNREACHABLE_CODE = YES;
				CLANG_WARN__DUPLICATE_METHOD_MATCH = YES;
				COPY_PHASE_STRIP = NO;
				DEBUG_INFORMATION_FORMAT = dwarf;
				ENABLE_STRICT_OBJC_MSGSEND = YES;
				ENABLE_TESTABILITY = YES;
				GCC_C_LANGUAGE_STANDARD = gnu11;
				GCC_DYNAMIC_NO_PIC = NO;
				GCC_NO_COMMON_BLOCKS = YES;
				GCC_OPTIMIZATION_LEVEL = 0;
				GCC_PREPROCESSOR_DEFINITIONS = (
					"DEBUG=1",
					"$(inherited)",
				);
				GCC_WARN_64_TO_32_BIT_CONVERSION = YES;
				GCC_WARN_ABOUT_RETURN_TYPE = YES_ERROR;
				GCC_WARN_UNDECLARED_SELECTOR = YES;
				GCC_WARN_UNINITIALIZED_AUTOS = YES_AGGRESSIVE;
				GCC_WARN_UNUSED_FUNCTION = YES;
				GCC_WARN_UNUSED_VARIABLE = YES;
				IPHONEOS_DEPLOYMENT_TARGET = 16.2;
				MTL_ENABLE_DEBUG_INFO = INCLUDE_SOURCE;
				MTL_FAST_MATH = YES;
				ONLY_ACTIVE_ARCH = YES;
				SDKROOT = iphoneos;
				SWIFT_ACTIVE_COMPILATION_CONDITIONS = DEBUG;
				SWIFT_OPTIMIZATION_LEVEL = "-Onone";
			};
			name = Debug;
		};
		5B7A361D29D51F6700FF1BAF /* Release */ = {
			isa = XCBuildConfiguration;
			buildSettings = {
				ALWAYS_SEARCH_USER_PATHS = NO;
				CLANG_ANALYZER_NONNULL = YES;
				CLANG_ANALYZER_NUMBER_OBJECT_CONVERSION = YES_AGGRESSIVE;
				CLANG_CXX_LANGUAGE_STANDARD = "gnu++20";
				CLANG_ENABLE_MODULES = YES;
				CLANG_ENABLE_OBJC_ARC = YES;
				CLANG_ENABLE_OBJC_WEAK = YES;
				CLANG_WARN_BLOCK_CAPTURE_AUTORELEASING = YES;
				CLANG_WARN_BOOL_CONVERSION = YES;
				CLANG_WARN_COMMA = YES;
				CLANG_WARN_CONSTANT_CONVERSION = YES;
				CLANG_WARN_DEPRECATED_OBJC_IMPLEMENTATIONS = YES;
				CLANG_WARN_DIRECT_OBJC_ISA_USAGE = YES_ERROR;
				CLANG_WARN_DOCUMENTATION_COMMENTS = YES;
				CLANG_WARN_EMPTY_BODY = YES;
				CLANG_WARN_ENUM_CONVERSION = YES;
				CLANG_WARN_INFINITE_RECURSION = YES;
				CLANG_WARN_INT_CONVERSION = YES;
				CLANG_WARN_NON_LITERAL_NULL_CONVERSION = YES;
				CLANG_WARN_OBJC_IMPLICIT_RETAIN_SELF = YES;
				CLANG_WARN_OBJC_LITERAL_CONVERSION = YES;
				CLANG_WARN_OBJC_ROOT_CLASS = YES_ERROR;
				CLANG_WARN_QUOTED_INCLUDE_IN_FRAMEWORK_HEADER = YES;
				CLANG_WARN_RANGE_LOOP_ANALYSIS = YES;
				CLANG_WARN_STRICT_PROTOTYPES = YES;
				CLANG_WARN_SUSPICIOUS_MOVE = YES;
				CLANG_WARN_UNGUARDED_AVAILABILITY = YES_AGGRESSIVE;
				CLANG_WARN_UNREACHABLE_CODE = YES;
				CLANG_WARN__DUPLICATE_METHOD_MATCH = YES;
				COPY_PHASE_STRIP = NO;
				DEBUG_INFORMATION_FORMAT = "dwarf-with-dsym";
				ENABLE_NS_ASSERTIONS = NO;
				ENABLE_STRICT_OBJC_MSGSEND = YES;
				GCC_C_LANGUAGE_STANDARD = gnu11;
				GCC_NO_COMMON_BLOCKS = YES;
				GCC_WARN_64_TO_32_BIT_CONVERSION = YES;
				GCC_WARN_ABOUT_RETURN_TYPE = YES_ERROR;
				GCC_WARN_UNDECLARED_SELECTOR = YES;
				GCC_WARN_UNINITIALIZED_AUTOS = YES_AGGRESSIVE;
				GCC_WARN_UNUSED_FUNCTION = YES;
				GCC_WARN_UNUSED_VARIABLE = YES;
				IPHONEOS_DEPLOYMENT_TARGET = 16.2;
				MTL_ENABLE_DEBUG_INFO = NO;
				MTL_FAST_MATH = YES;
				SDKROOT = iphoneos;
				SWIFT_COMPILATION_MODE = wholemodule;
				SWIFT_OPTIMIZATION_LEVEL = "-O";
				VALIDATE_PRODUCT = YES;
			};
			name = Release;
		};
		5B7A361F29D51F6700FF1BAF /* Debug */ = {
			isa = XCBuildConfiguration;
			buildSettings = {
				ASSETCATALOG_COMPILER_APPICON_NAME = AppIcon;
				ASSETCATALOG_COMPILER_GLOBAL_ACCENT_COLOR_NAME = AccentColor;
				CODE_SIGN_STYLE = Automatic;
				CURRENT_PROJECT_VERSION = 1;
				DEVELOPMENT_TEAM = L8LG57GFZD;
				GENERATE_INFOPLIST_FILE = YES;
				INFOPLIST_FILE = ScoreMaster/Support/Info.plist;
				INFOPLIST_KEY_UIApplicationSupportsIndirectInputEvents = YES;
				INFOPLIST_KEY_UILaunchStoryboardName = LaunchScreen;
				INFOPLIST_KEY_UISupportedInterfaceOrientations = UIInterfaceOrientationPortrait;
				IPHONEOS_DEPLOYMENT_TARGET = 15.0;
				LD_RUNPATH_SEARCH_PATHS = (
					"$(inherited)",
					"@executable_path/Frameworks",
				);
				MARKETING_VERSION = 1.0;
				PRODUCT_BUNDLE_IDENTIFIER = com.alekseykabishau.ScoreMaster;
				PRODUCT_NAME = "$(TARGET_NAME)";
				SUPPORTED_PLATFORMS = "iphoneos iphonesimulator";
				SUPPORTS_MACCATALYST = NO;
				SUPPORTS_MAC_DESIGNED_FOR_IPHONE_IPAD = NO;
				SWIFT_EMIT_LOC_STRINGS = YES;
				SWIFT_VERSION = 5.0;
				TARGETED_DEVICE_FAMILY = 1;
			};
			name = Debug;
		};
		5B7A362029D51F6700FF1BAF /* Release */ = {
			isa = XCBuildConfiguration;
			buildSettings = {
				ASSETCATALOG_COMPILER_APPICON_NAME = AppIcon;
				ASSETCATALOG_COMPILER_GLOBAL_ACCENT_COLOR_NAME = AccentColor;
				CODE_SIGN_STYLE = Automatic;
				CURRENT_PROJECT_VERSION = 1;
				DEVELOPMENT_TEAM = L8LG57GFZD;
				GENERATE_INFOPLIST_FILE = YES;
				INFOPLIST_FILE = ScoreMaster/Support/Info.plist;
				INFOPLIST_KEY_UIApplicationSupportsIndirectInputEvents = YES;
				INFOPLIST_KEY_UILaunchStoryboardName = LaunchScreen;
				INFOPLIST_KEY_UISupportedInterfaceOrientations = UIInterfaceOrientationPortrait;
				IPHONEOS_DEPLOYMENT_TARGET = 15.0;
				LD_RUNPATH_SEARCH_PATHS = (
					"$(inherited)",
					"@executable_path/Frameworks",
				);
				MARKETING_VERSION = 1.0;
				PRODUCT_BUNDLE_IDENTIFIER = com.alekseykabishau.ScoreMaster;
				PRODUCT_NAME = "$(TARGET_NAME)";
				SUPPORTED_PLATFORMS = "iphoneos iphonesimulator";
				SUPPORTS_MACCATALYST = NO;
				SUPPORTS_MAC_DESIGNED_FOR_IPHONE_IPAD = NO;
				SWIFT_EMIT_LOC_STRINGS = YES;
				SWIFT_VERSION = 5.0;
				TARGETED_DEVICE_FAMILY = 1;
			};
			name = Release;
		};
/* End XCBuildConfiguration section */

/* Begin XCConfigurationList section */
		5B7A360529D51F6500FF1BAF /* Build configuration list for PBXProject "ScoreMaster" */ = {
			isa = XCConfigurationList;
			buildConfigurations = (
				5B7A361C29D51F6700FF1BAF /* Debug */,
				5B7A361D29D51F6700FF1BAF /* Release */,
			);
			defaultConfigurationIsVisible = 0;
			defaultConfigurationName = Release;
		};
		5B7A361E29D51F6700FF1BAF /* Build configuration list for PBXNativeTarget "ScoreMaster" */ = {
			isa = XCConfigurationList;
			buildConfigurations = (
				5B7A361F29D51F6700FF1BAF /* Debug */,
				5B7A362029D51F6700FF1BAF /* Release */,
			);
			defaultConfigurationIsVisible = 0;
			defaultConfigurationName = Release;
		};
/* End XCConfigurationList section */

/* Begin XCVersionGroup section */
		5B5F931F29DF647300E1E390 /* ScoreMaster.xcdatamodeld */ = {
			isa = XCVersionGroup;
			children = (
				5B5F932029DF647300E1E390 /* ScoreMaster.xcdatamodel */,
			);
			currentVersion = 5B5F932029DF647300E1E390 /* ScoreMaster.xcdatamodel */;
			path = ScoreMaster.xcdatamodeld;
			sourceTree = "<group>";
			versionGroupType = wrapper.xcdatamodel;
		};
/* End XCVersionGroup section */
	};
	rootObject = 5B7A360229D51F6500FF1BAF /* Project object */;
}
